golang.org/x/sys v0.35.0 h1:vz1N37gP5bs89s7He8XuIYXpyY0+QlsKmzipCbUtyxI=
golang.org/x/sys v0.35.0/go.mod h1:BJP2sWEmIv4KK5OTEluFJCKSidICx8ciO85XgH3Ak8k=
mvdan.cc/sh/v3 v3.11.0 h1:q5h+XMDRfUGUedCqFFsjoFjrhwf2Mvtt1rkMvVz0blw=
mvdan.cc/sh/v3 v3.11.0/go.mod h1:LRM+1NjoYCzuq/WZ6y44x14YNAI0NK7FLPeQSaFagGg=
